
Microsoft Visual Studio Solution File, Format Version 12.00
# Visual Studio Version 17
VisualStudioVersion = 17.3.32922.545
MinimumVisualStudioVersion = 10.0.40219.1
Project("{FAE04EC0-301F-11D3-BF4B-00C04F79EFBC}") = "kartkoweczka", "kartkoweczka.csproj", "{8F4D5AE9-4ED7-47AC-8490-A2C844973DD6}"
EndProject
Global
	GlobalSection(SolutionConfigurationPlatforms) = preSolution
		Debug|Any CPU = Debug|Any CPU
		Release|Any CPU = Release|Any CPU
	EndGlobalSection
	GlobalSection(ProjectConfigurationPlatforms) = postSolution
		{8F4D5AE9-4ED7-47AC-8490-A2C844973DD6}.Debug|Any CPU.ActiveCfg = Debug|Any CPU
		{8F4D5AE9-4ED7-47AC-8490-A2C844973DD6}.Debug|Any CPU.Build.0 = Debug|Any CPU
		{8F4D5AE9-4ED7-47AC-8490-A2C844973DD6}.Release|Any CPU.ActiveCfg = Release|Any CPU
		{8F4D5AE9-4ED7-47AC-8490-A2C844973DD6}.Release|Any CPU.Build.0 = Release|Any CPU
	EndGlobalSection
	GlobalSection(SolutionProperties) = preSolution
		HideSolutionNode = FALSE
	EndGlobalSection
	GlobalSection(ExtensibilityGlobals) = postSolution
		SolutionGuid = {7919BB82-ED35-499C-ACFE-E7F3769DB66C}
	EndGlobalSection
EndGlobal
